// !$*UTF8*$!
{
	archiveVersion = 1;
	classes = {
	};
	objectVersion = 77;
	objects = {

/* Begin PBXContainerItemProxy section */
		7E2E8ADC2CBF0CAD006B9245 /* PBXContainerItemProxy */ = {
			isa = PBXContainerItemProxy;
			containerPortal = 7E2E8AC32CBF0CAA006B9245 /* Project object */;
			proxyType = 1;
			remoteGlobalIDString = 7E2E8ACA2CBF0CAA006B9245;
			remoteInfo = Fitify;
		};
		7E2E8AE62CBF0CAD006B9245 /* PBXContainerItemProxy */ = {
			isa = PBXContainerItemProxy;
			containerPortal = 7E2E8AC32CBF0CAA006B9245 /* Project object */;
			proxyType = 1;
			remoteGlobalIDString = 7E2E8ACA2CBF0CAA006B9245;
			remoteInfo = Fitify;
		};
/* End PBXContainerItemProxy section */

/* Begin PBXFileReference section */
		7E2E8ACB2CBF0CAA006B9245 /* Fitify.app */ = {isa = PBXFileReference; explicitFileType = wrapper.application; includeInIndex = 0; path = Fitify.app; sourceTree = BUILT_PRODUCTS_DIR; };
		7E2E8ADB2CBF0CAD006B9245 /* FitifyTests.xctest */ = {isa = PBXFileReference; explicitFileType = wrapper.cfbundle; includeInIndex = 0; path = FitifyTests.xctest; sourceTree = BUILT_PRODUCTS_DIR; };
		7E2E8AE52CBF0CAD006B9245 /* FitifyUITests.xctest */ = {isa = PBXFileReference; explicitFileType = wrapper.cfbundle; includeInIndex = 0; path = FitifyUITests.xctest; sourceTree = BUILT_PRODUCTS_DIR; };
		7E33BF552CBF123600BE7EC1 /* FitifyForWatch.appex */ = {isa = PBXFileReference; explicitFileType = "wrapper.extensionkit-extension"; includeInIndex = 0; path = FitifyForWatch.appex; sourceTree = BUILT_PRODUCTS_DIR; };
/* End PBXFileReference section */

/* Begin PBXFileSystemSynchronizedBuildFileExceptionSet section */
		7E33BF5C2CBF123600BE7EC1 /* Exceptions for "FitifyForWatch" folder in "FitifyForWatch" target */ = {
			isa = PBXFileSystemSynchronizedBuildFileExceptionSet;
			membershipExceptions = (
				Info.plist,
			);
			target = 7E33BF542CBF123600BE7EC1 /* FitifyForWatch */;
		};
		7E33BF622CBF14ED00BE7EC1 /* Exceptions for "Fitify" folder in "Fitify" target */ = {
			isa = PBXFileSystemSynchronizedBuildFileExceptionSet;
			membershipExceptions = (
				Info.plist,
			);
			target = 7E2E8ACA2CBF0CAA006B9245 /* Fitify */;
		};
/* End PBXFileSystemSynchronizedBuildFileExceptionSet section */

/* Begin PBXFileSystemSynchronizedRootGroup section */
		7E2E8ACD2CBF0CAA006B9245 /* Fitify */ = {
			isa = PBXFileSystemSynchronizedRootGroup;
			exceptions = (
				7E33BF622CBF14ED00BE7EC1 /* Exceptions for "Fitify" folder in "Fitify" target */,
			);
			path = Fitify;
			sourceTree = "<group>";
		};
		7E2E8ADE2CBF0CAD006B9245 /* FitifyTests */ = {
			isa = PBXFileSystemSynchronizedRootGroup;
			path = FitifyTests;
			sourceTree = "<group>";
		};
		7E2E8AE82CBF0CAD006B9245 /* FitifyUITests */ = {
			isa = PBXFileSystemSynchronizedRootGroup;
			path = FitifyUITests;
			sourceTree = "<group>";
		};
		7E33BF562CBF123600BE7EC1 /* FitifyForWatch */ = {
			isa = PBXFileSystemSynchronizedRootGroup;
			exceptions = (
				7E33BF5C2CBF123600BE7EC1 /* Exceptions for "FitifyForWatch" folder in "FitifyForWatch" target */,
			);
			path = FitifyForWatch;
			sourceTree = "<group>";
		};
/* End PBXFileSystemSynchronizedRootGroup section */

/* Begin PBXFrameworksBuildPhase section */
		7E2E8AC82CBF0CAA006B9245 /* Frameworks */ = {
			isa = PBXFrameworksBuildPhase;
			buildActionMask = 2147483647;
			files = (
			);
			runOnlyForDeploymentPostprocessing = 0;
		};
		7E2E8AD82CBF0CAD006B9245 /* Frameworks */ = {
			isa = PBXFrameworksBuildPhase;
			buildActionMask = 2147483647;
			files = (
			);
			runOnlyForDeploymentPostprocessing = 0;
		};
		7E2E8AE22CBF0CAD006B9245 /* Frameworks */ = {
			isa = PBXFrameworksBuildPhase;
			buildActionMask = 2147483647;
			files = (
			);
			runOnlyForDeploymentPostprocessing = 0;
		};
		7E33BF522CBF123600BE7EC1 /* Frameworks */ = {
			isa = PBXFrameworksBuildPhase;
			buildActionMask = 2147483647;
			files = (
			);
			runOnlyForDeploymentPostprocessing = 0;
		};
/* End PBXFrameworksBuildPhase section */

/* Begin PBXGroup section */
		7E2E8AC22CBF0CAA006B9245 = {
			isa = PBXGroup;
			children = (
				7E2E8ACD2CBF0CAA006B9245 /* Fitify */,
				7E2E8ADE2CBF0CAD006B9245 /* FitifyTests */,
				7E2E8AE82CBF0CAD006B9245 /* FitifyUITests */,
				7E33BF562CBF123600BE7EC1 /* FitifyForWatch */,
				7E2E8ACC2CBF0CAA006B9245 /* Products */,
			);
			sourceTree = "<group>";
		};
		7E2E8ACC2CBF0CAA006B9245 /* Products */ = {
			isa = PBXGroup;
			children = (
				7E2E8ACB2CBF0CAA006B9245 /* Fitify.app */,
				7E2E8ADB2CBF0CAD006B9245 /* FitifyTests.xctest */,
				7E2E8AE52CBF0CAD006B9245 /* FitifyUITests.xctest */,
				7E33BF552CBF123600BE7EC1 /* FitifyForWatch.appex */,
			);
			name = Products;
			sourceTree = "<group>";
		};
/* End PBXGroup section */

/* Begin PBXNativeTarget section */
		7E2E8ACA2CBF0CAA006B9245 /* Fitify */ = {
			isa = PBXNativeTarget;
			buildConfigurationList = 7E2E8AEF2CBF0CAD006B9245 /* Build configuration list for PBXNativeTarget "Fitify" */;
			buildPhases = (
				7E2E8AC72CBF0CAA006B9245 /* Sources */,
				7E2E8AC82CBF0CAA006B9245 /* Frameworks */,
				7E2E8AC92CBF0CAA006B9245 /* Resources */,
			);
			buildRules = (
			);
			dependencies = (
			);
			fileSystemSynchronizedGroups = (
				7E2E8ACD2CBF0CAA006B9245 /* Fitify */,
			);
			name = Fitify;
			packageProductDependencies = (
			);
			productName = Fitify;
			productReference = 7E2E8ACB2CBF0CAA006B9245 /* Fitify.app */;
			productType = "com.apple.product-type.application";
		};
		7E2E8ADA2CBF0CAD006B9245 /* FitifyTests */ = {
			isa = PBXNativeTarget;
			buildConfigurationList = 7E2E8AF22CBF0CAD006B9245 /* Build configuration list for PBXNativeTarget "FitifyTests" */;
			buildPhases = (
				7E2E8AD72CBF0CAD006B9245 /* Sources */,
				7E2E8AD82CBF0CAD006B9245 /* Frameworks */,
				7E2E8AD92CBF0CAD006B9245 /* Resources */,
			);
			buildRules = (
			);
			dependencies = (
				7E2E8ADD2CBF0CAD006B9245 /* PBXTargetDependency */,
			);
			fileSystemSynchronizedGroups = (
				7E2E8ADE2CBF0CAD006B9245 /* FitifyTests */,
			);
			name = FitifyTests;
			packageProductDependencies = (
			);
			productName = FitifyTests;
			productReference = 7E2E8ADB2CBF0CAD006B9245 /* FitifyTests.xctest */;
			productType = "com.apple.product-type.bundle.unit-test";
		};
		7E2E8AE42CBF0CAD006B9245 /* FitifyUITests */ = {
			isa = PBXNativeTarget;
			buildConfigurationList = 7E2E8AF52CBF0CAD006B9245 /* Build configuration list for PBXNativeTarget "FitifyUITests" */;
			buildPhases = (
				7E2E8AE12CBF0CAD006B9245 /* Sources */,
				7E2E8AE22CBF0CAD006B9245 /* Frameworks */,
				7E2E8AE32CBF0CAD006B9245 /* Resources */,
			);
			buildRules = (
			);
			dependencies = (
				7E2E8AE72CBF0CAD006B9245 /* PBXTargetDependency */,
			);
			fileSystemSynchronizedGroups = (
				7E2E8AE82CBF0CAD006B9245 /* FitifyUITests */,
			);
			name = FitifyUITests;
			packageProductDependencies = (
			);
			productName = FitifyUITests;
			productReference = 7E2E8AE52CBF0CAD006B9245 /* FitifyUITests.xctest */;
			productType = "com.apple.product-type.bundle.ui-testing";
		};
		7E33BF542CBF123600BE7EC1 /* FitifyForWatch */ = {
			isa = PBXNativeTarget;
			buildConfigurationList = 7E33BF5D2CBF123600BE7EC1 /* Build configuration list for PBXNativeTarget "FitifyForWatch" */;
			buildPhases = (
				7E33BF512CBF123600BE7EC1 /* Sources */,
				7E33BF522CBF123600BE7EC1 /* Frameworks */,
				7E33BF532CBF123600BE7EC1 /* Resources */,
			);
			buildRules = (
			);
			dependencies = (
			);
			fileSystemSynchronizedGroups = (
				7E33BF562CBF123600BE7EC1 /* FitifyForWatch */,
			);
			name = FitifyForWatch;
			packageProductDependencies = (
			);
			productName = FitifyForWatch;
			productReference = 7E33BF552CBF123600BE7EC1 /* FitifyForWatch.appex */;
			productType = "com.apple.product-type.extensionkit-extension";
		};
/* End PBXNativeTarget section */

/* Begin PBXProject section */
		7E2E8AC32CBF0CAA006B9245 /* Project object */ = {
			isa = PBXProject;
			attributes = {
				BuildIndependentTargetsInParallel = 1;
				LastSwiftUpdateCheck = 1600;
				LastUpgradeCheck = 1600;
				TargetAttributes = {
					7E2E8ACA2CBF0CAA006B9245 = {
						CreatedOnToolsVersion = 16.0;
					};
					7E2E8ADA2CBF0CAD006B9245 = {
						CreatedOnToolsVersion = 16.0;
						TestTargetID = 7E2E8ACA2CBF0CAA006B9245;
					};
					7E2E8AE42CBF0CAD006B9245 = {
						CreatedOnToolsVersion = 16.0;
						TestTargetID = 7E2E8ACA2CBF0CAA006B9245;
					};
					7E33BF542CBF123600BE7EC1 = {
						CreatedOnToolsVersion = 16.0;
					};
				};
			};
			buildConfigurationList = 7E2E8AC62CBF0CAA006B9245 /* Build configuration list for PBXProject "Fitify" */;
			developmentRegion = en;
			hasScannedForEncodings = 0;
			knownRegions = (
				en,
				Base,
			);
			mainGroup = 7E2E8AC22CBF0CAA006B9245;
			minimizedProjectReferenceProxies = 1;
			preferredProjectObjectVersion = 77;
			productRefGroup = 7E2E8ACC2CBF0CAA006B9245 /* Products */;
			projectDirPath = "";
			projectRoot = "";
			targets = (
				7E2E8ACA2CBF0CAA006B9245 /* Fitify */,
				7E2E8ADA2CBF0CAD006B9245 /* FitifyTests */,
				7E2E8AE42CBF0CAD006B9245 /* FitifyUITests */,
				7E33BF542CBF123600BE7EC1 /* FitifyForWatch */,
			);
		};
/* End PBXProject section */

/* Begin PBXResourcesBuildPhase section */
		7E2E8AC92CBF0CAA006B9245 /* Resources */ = {
			isa = PBXResourcesBuildPhase;
			buildActionMask = 2147483647;
			files = (
			);
			runOnlyForDeploymentPostprocessing = 0;
		};
		7E2E8AD92CBF0CAD006B9245 /* Resources */ = {
			isa = PBXResourcesBuildPhase;
			buildActionMask = 2147483647;
			files = (
			);
			runOnlyForDeploymentPostprocessing = 0;
		};
		7E2E8AE32CBF0CAD006B9245 /* Resources */ = {
			isa = PBXResourcesBuildPhase;
			buildActionMask = 2147483647;
			files = (
			);
			runOnlyForDeploymentPostprocessing = 0;
		};
		7E33BF532CBF123600BE7EC1 /* Resources */ = {
			isa = PBXResourcesBuildPhase;
			buildActionMask = 2147483647;
			files = (
			);
			runOnlyForDeploymentPostprocessing = 0;
		};
/* End PBXResourcesBuildPhase section */

/* Begin PBXSourcesBuildPhase section */
		7E2E8AC72CBF0CAA006B9245 /* Sources */ = {
			isa = PBXSourcesBuildPhase;
			buildActionMask = 2147483647;
			files = (
			);
			runOnlyForDeploymentPostprocessing = 0;
		};
		7E2E8AD72CBF0CAD006B9245 /* Sources */ = {
			isa = PBXSourcesBuildPhase;
			buildActionMask = 2147483647;
			files = (
			);
			runOnlyForDeploymentPostprocessing = 0;
		};
		7E2E8AE12CBF0CAD006B9245 /* Sources */ = {
			isa = PBXSourcesBuildPhase;
			buildActionMask = 2147483647;
			files = (
			);
			runOnlyForDeploymentPostprocessing = 0;
		};
		7E33BF512CBF123600BE7EC1 /* Sources */ = {
			isa = PBXSourcesBuildPhase;
			buildActionMask = 2147483647;
			files = (
			);
			runOnlyForDeploymentPostprocessing = 0;
		};
/* End PBXSourcesBuildPhase section */

/* Begin PBXTargetDependency section */
		7E2E8ADD2CBF0CAD006B9245 /* PBXTargetDependency */ = {
			isa = PBXTargetDependency;
			target = 7E2E8ACA2CBF0CAA006B9245 /* Fitify */;
			targetProxy = 7E2E8ADC2CBF0CAD006B9245 /* PBXContainerItemProxy */;
		};
		7E2E8AE72CBF0CAD006B9245 /* PBXTargetDependency */ = {
			isa = PBXTargetDependency;
			target = 7E2E8ACA2CBF0CAA006B9245 /* Fitify */;
			targetProxy = 7E2E8AE62CBF0CAD006B9245 /* PBXContainerItemProxy */;
		};
/* End PBXTargetDependency section */

/* Begin XCBuildConfiguration section */
		7E2E8AED2CBF0CAD006B9245 /* Debug */ = {
			isa = XCBuildConfiguration;
			buildSettings = {
				ALWAYS_SEARCH_USER_PATHS = NO;
				ASSETCATALOG_COMPILER_GENERATE_SWIFT_ASSET_SYMBOL_EXTENSIONS = YES;
				CLANG_ANALYZER_NONNULL = YES;
				CLANG_ANALYZER_NUMBER_OBJECT_CONVERSION = YES_AGGRESSIVE;
				CLANG_CXX_LANGUAGE_STANDARD = "gnu++20";
				CLANG_ENABLE_MODULES = YES;
				CLANG_ENABLE_OBJC_ARC = YES;
				CLANG_ENABLE_OBJC_WEAK = YES;
				CLANG_WARN_BLOCK_CAPTURE_AUTORELEASING = YES;
				CLANG_WARN_BOOL_CONVERSION = YES;
				CLANG_WARN_COMMA = YES;
				CLANG_WARN_CONSTANT_CONVERSION = YES;
				CLANG_WARN_DEPRECATED_OBJC_IMPLEMENTATIONS = YES;
				CLANG_WARN_DIRECT_OBJC_ISA_USAGE = YES_ERROR;
				CLANG_WARN_DOCUMENTATION_COMMENTS = YES;
				CLANG_WARN_EMPTY_BODY = YES;
				CLANG_WARN_ENUM_CONVERSION = YES;
				CLANG_WARN_INFINITE_RECURSION = YES;
				CLANG_WARN_INT_CONVERSION = YES;
				CLANG_WARN_NON_LITERAL_NULL_CONVERSION = YES;
				CLANG_WARN_OBJC_IMPLICIT_RETAIN_SELF = YES;
				CLANG_WARN_OBJC_LITERAL_CONVERSION = YES;
				CLANG_WARN_OBJC_ROOT_CLASS = YES_ERROR;
				CLANG_WARN_QUOTED_INCLUDE_IN_FRAMEWORK_HEADER = YES;
				CLANG_WARN_RANGE_LOOP_ANALYSIS = YES;
				CLANG_WARN_STRICT_PROTOTYPES = YES;
				CLANG_WARN_SUSPICIOUS_MOVE = YES;
				CLANG_WARN_UNGUARDED_AVAILABILITY = YES_AGGRESSIVE;
				CLANG_WARN_UNREACHABLE_CODE = YES;
				CLANG_WARN__DUPLICATE_METHOD_MATCH = YES;
				COPY_PHASE_STRIP = NO;
				DEBUG_INFORMATION_FORMAT = dwarf;
				ENABLE_STRICT_OBJC_MSGSEND = YES;
				ENABLE_TESTABILITY = YES;
				ENABLE_USER_SCRIPT_SANDBOXING = YES;
				GCC_C_LANGUAGE_STANDARD = gnu17;
				GCC_DYNAMIC_NO_PIC = NO;
				GCC_NO_COMMON_BLOCKS = YES;
				GCC_OPTIMIZATION_LEVEL = 0;
				GCC_PREPROCESSOR_DEFINITIONS = (
					"DEBUG=1",
					"$(inherited)",
				);
				GCC_WARN_64_TO_32_BIT_CONVERSION = YES;
				GCC_WARN_ABOUT_RETURN_TYPE = YES_ERROR;
				GCC_WARN_UNDECLARED_SELECTOR = YES;
				GCC_WARN_UNINITIALIZED_AUTOS = YES_AGGRESSIVE;
				GCC_WARN_UNUSED_FUNCTION = YES;
				GCC_WARN_UNUSED_VARIABLE = YES;
				IPHONEOS_DEPLOYMENT_TARGET = 18.0;
				LOCALIZATION_PREFERS_STRING_CATALOGS = YES;
				MTL_ENABLE_DEBUG_INFO = INCLUDE_SOURCE;
				MTL_FAST_MATH = YES;
				ONLY_ACTIVE_ARCH = YES;
				SDKROOT = iphoneos;
				SWIFT_ACTIVE_COMPILATION_CONDITIONS = "DEBUG $(inherited)";
				SWIFT_OPTIMIZATION_LEVEL = "-Onone";
			};
			name = Debug;
		};
		7E2E8AEE2CBF0CAD006B9245 /* Release */ = {
			isa = XCBuildConfiguration;
			buildSettings = {
				ALWAYS_SEARCH_USER_PATHS = NO;
				ASSETCATALOG_COMPILER_GENERATE_SWIFT_ASSET_SYMBOL_EXTENSIONS = YES;
				CLANG_ANALYZER_NONNULL = YES;
				CLANG_ANALYZER_NUMBER_OBJECT_CONVERSION = YES_AGGRESSIVE;
				CLANG_CXX_LANGUAGE_STANDARD = "gnu++20";
				CLANG_ENABLE_MODULES = YES;
				CLANG_ENABLE_OBJC_ARC = YES;
				CLANG_ENABLE_OBJC_WEAK = YES;
				CLANG_WARN_BLOCK_CAPTURE_AUTORELEASING = YES;
				CLANG_WARN_BOOL_CONVERSION = YES;
				CLANG_WARN_COMMA = YES;
				CLANG_WARN_CONSTANT_CONVERSION = YES;
				CLANG_WARN_DEPRECATED_OBJC_IMPLEMENTATIONS = YES;
				CLANG_WARN_DIRECT_OBJC_ISA_USAGE = YES_ERROR;
				CLANG_WARN_DOCUMENTATION_COMMENTS = YES;
				CLANG_WARN_EMPTY_BODY = YES;
				CLANG_WARN_ENUM_CONVERSION = YES;
				CLANG_WARN_INFINITE_RECURSION = YES;
				CLANG_WARN_INT_CONVERSION = YES;
				CLANG_WARN_NON_LITERAL_NULL_CONVERSION = YES;
				CLANG_WARN_OBJC_IMPLICIT_RETAIN_SELF = YES;
				CLANG_WARN_OBJC_LITERAL_CONVERSION = YES;
				CLANG_WARN_OBJC_ROOT_CLASS = YES_ERROR;
				CLANG_WARN_QUOTED_INCLUDE_IN_FRAMEWORK_HEADER = YES;
				CLANG_WARN_RANGE_LOOP_ANALYSIS = YES;
				CLANG_WARN_STRICT_PROTOTYPES = YES;
				CLANG_WARN_SUSPICIOUS_MOVE = YES;
				CLANG_WARN_UNGUARDED_AVAILABILITY = YES_AGGRESSIVE;
				CLANG_WARN_UNREACHABLE_CODE = YES;
				CLANG_WARN__DUPLICATE_METHOD_MATCH = YES;
				COPY_PHASE_STRIP = NO;
				DEBUG_INFORMATION_FORMAT = "dwarf-with-dsym";
				ENABLE_NS_ASSERTIONS = NO;
				ENABLE_STRICT_OBJC_MSGSEND = YES;
				ENABLE_USER_SCRIPT_SANDBOXING = YES;
				GCC_C_LANGUAGE_STANDARD = gnu17;
				GCC_NO_COMMON_BLOCKS = YES;
				GCC_WARN_64_TO_32_BIT_CONVERSION = YES;
				GCC_WARN_ABOUT_RETURN_TYPE = YES_ERROR;
				GCC_WARN_UNDECLARED_SELECTOR = YES;
				GCC_WARN_UNINITIALIZED_AUTOS = YES_AGGRESSIVE;
				GCC_WARN_UNUSED_FUNCTION = YES;
				GCC_WARN_UNUSED_VARIABLE = YES;
				IPHONEOS_DEPLOYMENT_TARGET = 18.0;
				LOCALIZATION_PREFERS_STRING_CATALOGS = YES;
				MTL_ENABLE_DEBUG_INFO = NO;
				MTL_FAST_MATH = YES;
				SDKROOT = iphoneos;
				SWIFT_COMPILATION_MODE = wholemodule;
				VALIDATE_PRODUCT = YES;
			};
			name = Release;
		};
		7E2E8AF02CBF0CAD006B9245 /* Debug */ = {
			isa = XCBuildConfiguration;
			buildSettings = {
				ASSETCATALOG_COMPILER_APPICON_NAME = AppIcon;
				ASSETCATALOG_COMPILER_GLOBAL_ACCENT_COLOR_NAME = AccentColor;
				CODE_SIGN_STYLE = Automatic;
				CURRENT_PROJECT_VERSION = 1;
				DEVELOPMENT_ASSET_PATHS = "\"Fitify/Preview Content\"";
				DEVELOPMENT_TEAM = K75G8H5HWP;
				ENABLE_PREVIEWS = YES;
				GENERATE_INFOPLIST_FILE = YES;
				INFOPLIST_FILE = Fitify/Info.plist;
				INFOPLIST_KEY_LSApplicationCategoryType = "";
				INFOPLIST_KEY_NSHealthClinicalHealthRecordsShareUsageDescription = "";
				INFOPLIST_KEY_NSHealthShareUsageDescription = "";
				INFOPLIST_KEY_NSHealthUpdateUsageDescription = "";
				INFOPLIST_KEY_NSLocalNetworkUsageDescription = "";
				INFOPLIST_KEY_NSMotionUsageDescription = "";
				INFOPLIST_KEY_UIApplicationSceneManifest_Generation = YES;
				INFOPLIST_KEY_UIApplicationSupportsIndirectInputEvents = YES;
				INFOPLIST_KEY_UILaunchScreen_Generation = YES;
				INFOPLIST_KEY_UISupportedInterfaceOrientations_iPad = "UIInterfaceOrientationPortrait UIInterfaceOrientationPortraitUpsideDown UIInterfaceOrientationLandscapeLeft UIInterfaceOrientationLandscapeRight";
				INFOPLIST_KEY_UISupportedInterfaceOrientations_iPhone = "UIInterfaceOrientationPortrait UIInterfaceOrientationLandscapeLeft UIInterfaceOrientationLandscapeRight";
				LD_RUNPATH_SEARCH_PATHS = (
					"$(inherited)",
					"@executable_path/Frameworks",
				);
				MARKETING_VERSION = 1.0;
				PRODUCT_BUNDLE_IDENTIFIER = "-arth.Fitify";
				PRODUCT_NAME = "$(TARGET_NAME)";
				SWIFT_EMIT_LOC_STRINGS = YES;
				SWIFT_VERSION = 5.0;
				TARGETED_DEVICE_FAMILY = "1,2";
			};
			name = Debug;
		};
		7E2E8AF12CBF0CAD006B9245 /* Release */ = {
			isa = XCBuildConfiguration;
			buildSettings = {
				ASSETCATALOG_COMPILER_APPICON_NAME = AppIcon;
				ASSETCATALOG_COMPILER_GLOBAL_ACCENT_COLOR_NAME = AccentColor;
				CODE_SIGN_STYLE = Automatic;
				CURRENT_PROJECT_VERSION = 1;
				DEVELOPMENT_ASSET_PATHS = "\"Fitify/Preview Content\"";
				DEVELOPMENT_TEAM = K75G8H5HWP;
				ENABLE_PREVIEWS = YES;
				GENERATE_INFOPLIST_FILE = YES;
				INFOPLIST_FILE = Fitify/Info.plist;
				INFOPLIST_KEY_LSApplicationCategoryType = "";
				INFOPLIST_KEY_NSHealthClinicalHealthRecordsShareUsageDescription = "";
				INFOPLIST_KEY_NSHealthShareUsageDescription = "";
				INFOPLIST_KEY_NSHealthUpdateUsageDescription = "";
				INFOPLIST_KEY_NSLocalNetworkUsageDescription = "";
				INFOPLIST_KEY_NSMotionUsageDescription = "";
				INFOPLIST_KEY_UIApplicationSceneManifest_Generation = YES;
				INFOPLIST_KEY_UIApplicationSupportsIndirectInputEvents = YES;
				INFOPLIST_KEY_UILaunchScreen_Generation = YES;
				INFOPLIST_KEY_UISupportedInterfaceOrientations_iPad = "UIInterfaceOrientationPortrait UIInterfaceOrientationPortraitUpsideDown UIInterfaceOrientationLandscapeLeft UIInterfaceOrientationLandscapeRight";
				INFOPLIST_KEY_UISupportedInterfaceOrientations_iPhone = "UIInterfaceOrientationPortrait UIInterfaceOrientationLandscapeLeft UIInterfaceOrientationLandscapeRight";
				LD_RUNPATH_SEARCH_PATHS = (
					"$(inherited)",
					"@executable_path/Frameworks",
				);
				MARKETING_VERSION = 1.0;
				PRODUCT_BUNDLE_IDENTIFIER = "-arth.Fitify";
				PRODUCT_NAME = "$(TARGET_NAME)";
				SWIFT_EMIT_LOC_STRINGS = YES;
				SWIFT_VERSION = 5.0;
				TARGETED_DEVICE_FAMILY = "1,2";
			};
			name = Release;
		};
		7E2E8AF32CBF0CAD006B9245 /* Debug */ = {
			isa = XCBuildConfiguration;
			buildSettings = {
				BUNDLE_LOADER = "$(TEST_HOST)";
				CODE_SIGN_STYLE = Automatic;
				CURRENT_PROJECT_VERSION = 1;
				GENERATE_INFOPLIST_FILE = YES;
				IPHONEOS_DEPLOYMENT_TARGET = 18.0;
				MARKETING_VERSION = 1.0;
				PRODUCT_BUNDLE_IDENTIFIER = "-arth.FitifyTests";
				PRODUCT_NAME = "$(TARGET_NAME)";
				SWIFT_EMIT_LOC_STRINGS = NO;
				SWIFT_VERSION = 5.0;
				TARGETED_DEVICE_FAMILY = "1,2";
				TEST_HOST = "$(BUILT_PRODUCTS_DIR)/Fitify.app/$(BUNDLE_EXECUTABLE_FOLDER_PATH)/Fitify";
			};
			name = Debug;
		};
		7E2E8AF42CBF0CAD006B9245 /* Release */ = {
			isa = XCBuildConfiguration;
			buildSettings = {
				BUNDLE_LOADER = "$(TEST_HOST)";
				CODE_SIGN_STYLE = Automatic;
				CURRENT_PROJECT_VERSION = 1;
				GENERATE_INFOPLIST_FILE = YES;
				IPHONEOS_DEPLOYMENT_TARGET = 18.0;
				MARKETING_VERSION = 1.0;
				PRODUCT_BUNDLE_IDENTIFIER = "-arth.FitifyTests";
				PRODUCT_NAME = "$(TARGET_NAME)";
				SWIFT_EMIT_LOC_STRINGS = NO;
				SWIFT_VERSION = 5.0;
				TARGETED_DEVICE_FAMILY = "1,2";
				TEST_HOST = "$(BUILT_PRODUCTS_DIR)/Fitify.app/$(BUNDLE_EXECUTABLE_FOLDER_PATH)/Fitify";
			};
			name = Release;
		};
		7E2E8AF62CBF0CAD006B9245 /* Debug */ = {
			isa = XCBuildConfiguration;
			buildSettings = {
				CODE_SIGN_STYLE = Automatic;
				CURRENT_PROJECT_VERSION = 1;
				GENERATE_INFOPLIST_FILE = YES;
				MARKETING_VERSION = 1.0;
				PRODUCT_BUNDLE_IDENTIFIER = "-arth.FitifyUITests";
				PRODUCT_NAME = "$(TARGET_NAME)";
				SWIFT_EMIT_LOC_STRINGS = NO;
				SWIFT_VERSION = 5.0;
				TARGETED_DEVICE_FAMILY = "1,2";
				TEST_TARGET_NAME = Fitify;
			};
			name = Debug;
		};
		7E2E8AF72CBF0CAD006B9245 /* Release */ = {
			isa = XCBuildConfiguration;
			buildSettings = {
				CODE_SIGN_STYLE = Automatic;
				CURRENT_PROJECT_VERSION = 1;
				GENERATE_INFOPLIST_FILE = YES;
				MARKETING_VERSION = 1.0;
				PRODUCT_BUNDLE_IDENTIFIER = "-arth.FitifyUITests";
				PRODUCT_NAME = "$(TARGET_NAME)";
				SWIFT_EMIT_LOC_STRINGS = NO;
				SWIFT_VERSION = 5.0;
				TARGETED_DEVICE_FAMILY = "1,2";
				TEST_TARGET_NAME = Fitify;
			};
			name = Release;
		};
		7E33BF5E2CBF123600BE7EC1 /* Debug */ = {
			isa = XCBuildConfiguration;
			buildSettings = {
				CODE_SIGN_STYLE = Automatic;
				CURRENT_PROJECT_VERSION = 1;
				DEVELOPMENT_TEAM = K75G8H5HWP;
				GENERATE_INFOPLIST_FILE = YES;
				INFOPLIST_FILE = FitifyForWatch/Info.plist;
				INFOPLIST_KEY_CFBundleDisplayName = FitifyForWatch;
				INFOPLIST_KEY_NSHealthClinicalHealthRecordsShareUsageDescription = "";
				INFOPLIST_KEY_NSHealthShareUsageDescription = "";
				INFOPLIST_KEY_NSHealthUpdateUsageDescription = "";
				INFOPLIST_KEY_NSHumanReadableCopyright = "";
				INFOPLIST_KEY_NSMotionUsageDescription = "";
				LD_RUNPATH_SEARCH_PATHS = (
					"$(inherited)",
					"@executable_path/Frameworks",
					"@executable_path/../../Frameworks",
					"@executable_path/../../../../Frameworks",
				);
				MARKETING_VERSION = 1.0;
				PRODUCT_BUNDLE_IDENTIFIER = "-arth.FitifyForWatch";
				PRODUCT_NAME = "$(TARGET_NAME)";
				SDKROOT = watchos;
				SKIP_INSTALL = YES;
				SWIFT_EMIT_LOC_STRINGS = YES;
				SWIFT_VERSION = 5.0;
				TARGETED_DEVICE_FAMILY = 4;
				WATCHOS_DEPLOYMENT_TARGET = 10.6;
			};
			name = Debug;
		};
		7E33BF5F2CBF123600BE7EC1 /* Release */ = {
			isa = XCBuildConfiguration;
			buildSettings = {
				CODE_SIGN_ENTITLEMENTS = FitifyForWatch/FitifyForWatchRelease.entitlements;
				CODE_SIGN_STYLE = Automatic;
				CURRENT_PROJECT_VERSION = 1;
				DEVELOPMENT_TEAM = K75G8H5HWP;
				GENERATE_INFOPLIST_FILE = YES;
				INFOPLIST_FILE = FitifyForWatch/Info.plist;
				INFOPLIST_KEY_CFBundleDisplayName = FitifyForWatch;
				INFOPLIST_KEY_NSHealthClinicalHealthRecordsShareUsageDescription = "";
				INFOPLIST_KEY_NSHealthShareUsageDescription = "";
				INFOPLIST_KEY_NSHealthUpdateUsageDescription = "";
				INFOPLIST_KEY_NSHumanReadableCopyright = "";
				INFOPLIST_KEY_NSMotionUsageDescription = "";
				LD_RUNPATH_SEARCH_PATHS = (
					"$(inherited)",
					"@executable_path/Frameworks",
					"@executable_path/../../Frameworks",
					"@executable_path/../../../../Frameworks",
				);
				MARKETING_VERSION = 1.0;
				PRODUCT_BUNDLE_IDENTIFIER = "-arth.FitifyForWatch";
				PRODUCT_NAME = "$(TARGET_NAME)";
				SDKROOT = watchos;
				SKIP_INSTALL = YES;
				SWIFT_EMIT_LOC_STRINGS = YES;
				SWIFT_VERSION = 5.0;
				TARGETED_DEVICE_FAMILY = 4;
				WATCHOS_DEPLOYMENT_TARGET = 10.6;
			};
			name = Release;
		};
/* End XCBuildConfiguration section */

/* Begin XCConfigurationList section */
		7E2E8AC62CBF0CAA006B9245 /* Build configuration list for PBXProject "Fitify" */ = {
			isa = XCConfigurationList;
			buildConfigurations = (
				7E2E8AED2CBF0CAD006B9245 /* Debug */,
				7E2E8AEE2CBF0CAD006B9245 /* Release */,
			);
			defaultConfigurationIsVisible = 0;
			defaultConfigurationName = Release;
		};
		7E2E8AEF2CBF0CAD006B9245 /* Build configuration list for PBXNativeTarget "Fitify" */ = {
			isa = XCConfigurationList;
			buildConfigurations = (
				7E2E8AF02CBF0CAD006B9245 /* Debug */,
				7E2E8AF12CBF0CAD006B9245 /* Release */,
			);
			defaultConfigurationIsVisible = 0;
			defaultConfigurationName = Release;
		};
		7E2E8AF22CBF0CAD006B9245 /* Build configuration list for PBXNativeTarget "FitifyTests" */ = {
			isa = XCConfigurationList;
			buildConfigurations = (
				7E2E8AF32CBF0CAD006B9245 /* Debug */,
				7E2E8AF42CBF0CAD006B9245 /* Release */,
			);
			defaultConfigurationIsVisible = 0;
			defaultConfigurationName = Release;
		};
		7E2E8AF52CBF0CAD006B9245 /* Build configuration list for PBXNativeTarget "FitifyUITests" */ = {
			isa = XCConfigurationList;
			buildConfigurations = (
				7E2E8AF62CBF0CAD006B9245 /* Debug */,
				7E2E8AF72CBF0CAD006B9245 /* Release */,
			);
			defaultConfigurationIsVisible = 0;
			defaultConfigurationName = Release;
		};
		7E33BF5D2CBF123600BE7EC1 /* Build configuration list for PBXNativeTarget "FitifyForWatch" */ = {
			isa = XCConfigurationList;
			buildConfigurations = (
				7E33BF5E2CBF123600BE7EC1 /* Debug */,
				7E33BF5F2CBF123600BE7EC1 /* Release */,
			);
			defaultConfigurationIsVisible = 0;
			defaultConfigurationName = Release;
		};
/* End XCConfigurationList section */
	};
	rootObject = 7E2E8AC32CBF0CAA006B9245 /* Project object */;
}
